
Microsoft Visual Studio Solution File, Format Version 12.00
# Visual Studio Version 17
VisualStudioVersion = 17.5.33424.131
MinimumVisualStudioVersion = 10.0.40219.1
Project("{FAE04EC0-301F-11D3-BF4B-00C04F79EFBC}") = "ConsoleApp1", "ConsoleApp1\ConsoleApp1.csproj", "{0F82AB09-9039-404B-BE2C-367C4761262D}"
EndProject
Global
	GlobalSection(SolutionConfigurationPlatforms) = preSolution
		Debug|Any CPU = Debug|Any CPU
		Release|Any CPU = Release|Any CPU
	EndGlobalSection
	GlobalSection(ProjectConfigurationPlatforms) = postSolution
		{0F82AB09-9039-404B-BE2C-367C4761262D}.Debug|Any CPU.ActiveCfg = Debug|Any CPU
		{0F82AB09-9039-404B-BE2C-367C4761262D}.Debug|Any CPU.Build.0 = Debug|Any CPU
		{0F82AB09-9039-404B-BE2C-367C4761262D}.Release|Any CPU.ActiveCfg = Release|Any CPU
		{0F82AB09-9039-404B-BE2C-367C4761262D}.Release|Any CPU.Build.0 = Release|Any CPU
	EndGlobalSection
	GlobalSection(SolutionProperties) = preSolution
		HideSolutionNode = FALSE
	EndGlobalSection
	GlobalSection(ExtensibilityGlobals) = postSolution
		SolutionGuid = {4EEBEDDF-53DA-4FB9-A68F-953B34A7A48A}
	EndGlobalSection
EndGlobal
